// !$*UTF8*$!
{
	archiveVersion = 1;
	classes = {
	};
	objectVersion = 46;
	objects = {

/* Begin PBXBuildFile section */
		E6ADCC7C1A63E50000F1196A /* main.m in Sources */ = {isa = PBXBuildFile; fileRef = E6ADCC7B1A63E50000F1196A /* main.m */; };
		E6ADCC7F1A63E50000F1196A /* AppDelegate.m in Sources */ = {isa = PBXBuildFile; fileRef = E6ADCC7E1A63E50000F1196A /* AppDelegate.m */; };
		E6ADCC811A63E50000F1196A /* Images.xcassets in Resources */ = {isa = PBXBuildFile; fileRef = E6ADCC801A63E50000F1196A /* Images.xcassets */; };
		E6ADCC841A63E50000F1196A /* LaunchScreen.xib in Resources */ = {isa = PBXBuildFile; fileRef = E6ADCC821A63E50000F1196A /* LaunchScreen.xib */; };
		E6ADCC901A63E50000F1196A /* StarWarsTests.m in Sources */ = {isa = PBXBuildFile; fileRef = E6ADCC8F1A63E50000F1196A /* StarWarsTests.m */; };
		E6ADCC9B1A63F08300F1196A /* RCRStarWarsCharacter.m in Sources */ = {isa = PBXBuildFile; fileRef = E6ADCC9A1A63F08300F1196A /* RCRStarWarsCharacter.m */; };
		E6ADCCA01A63F70100F1196A /* RCRCharacterViewController.m in Sources */ = {isa = PBXBuildFile; fileRef = E6ADCC9E1A63F70100F1196A /* RCRCharacterViewController.m */; };
		E6ADCCA11A63F70100F1196A /* RCRCharacterViewController.xib in Resources */ = {isa = PBXBuildFile; fileRef = E6ADCC9F1A63F70100F1196A /* RCRCharacterViewController.xib */; };
		E6ADCCB21A64044A00F1196A /* c3po.jpg in Resources */ = {isa = PBXBuildFile; fileRef = E6ADCCA41A64044A00F1196A /* c3po.jpg */; };
		E6ADCCB31A64044A00F1196A /* c3po.caf in Resources */ = {isa = PBXBuildFile; fileRef = E6ADCCA51A64044A00F1196A /* c3po.caf */; };
		E6ADCCB41A64044A00F1196A /* chewbacca.caf in Resources */ = {isa = PBXBuildFile; fileRef = E6ADCCA61A64044A00F1196A /* chewbacca.caf */; };
		E6ADCCB51A64044A00F1196A /* chewbacca.jpg in Resources */ = {isa = PBXBuildFile; fileRef = E6ADCCA71A64044A00F1196A /* chewbacca.jpg */; };
		E6ADCCB61A64044A00F1196A /* darthVader.jpg in Resources */ = {isa = PBXBuildFile; fileRef = E6ADCCA81A64044A00F1196A /* darthVader.jpg */; };
		E6ADCCB71A64044A00F1196A /* palpatine.caf in Resources */ = {isa = PBXBuildFile; fileRef = E6ADCCA91A64044A00F1196A /* palpatine.caf */; };
		E6ADCCB81A64044A00F1196A /* palpatine.jpg in Resources */ = {isa = PBXBuildFile; fileRef = E6ADCCAA1A64044A00F1196A /* palpatine.jpg */; };
		E6ADCCB91A64044A00F1196A /* r2-d2.caf in Resources */ = {isa = PBXBuildFile; fileRef = E6ADCCAB1A64044A00F1196A /* r2-d2.caf */; };
		E6ADCCBA1A64044A00F1196A /* R2-D2.jpg in Resources */ = {isa = PBXBuildFile; fileRef = E6ADCCAC1A64044A00F1196A /* R2-D2.jpg */; };
		E6ADCCBB1A64044A00F1196A /* tarkin.caf in Resources */ = {isa = PBXBuildFile; fileRef = E6ADCCAD1A64044A00F1196A /* tarkin.caf */; };
		E6ADCCBC1A64044A00F1196A /* tarkin.jpg in Resources */ = {isa = PBXBuildFile; fileRef = E6ADCCAE1A64044A00F1196A /* tarkin.jpg */; };
		E6ADCCBD1A64044A00F1196A /* vader.caf in Resources */ = {isa = PBXBuildFile; fileRef = E6ADCCAF1A64044A00F1196A /* vader.caf */; };
		E6ADCCBE1A64044A00F1196A /* yoda.caf in Resources */ = {isa = PBXBuildFile; fileRef = E6ADCCB01A64044A00F1196A /* yoda.caf */; };
		E6ADCCBF1A64044A00F1196A /* yoda.jpg in Resources */ = {isa = PBXBuildFile; fileRef = E6ADCCB11A64044A00F1196A /* yoda.jpg */; };
		E6D96B931A651AA60039461B /* CafPlayer.m in Sources */ = {isa = PBXBuildFile; fileRef = E6D96B921A651AA60039461B /* CafPlayer.m */; };
/* End PBXBuildFile section */

/* Begin PBXContainerItemProxy section */
		E6ADCC8A1A63E50000F1196A /* PBXContainerItemProxy */ = {
			isa = PBXContainerItemProxy;
			containerPortal = E6ADCC6E1A63E50000F1196A /* Project object */;
			proxyType = 1;
			remoteGlobalIDString = E6ADCC751A63E50000F1196A;
			remoteInfo = StarWars;
		};
/* End PBXContainerItemProxy section */

/* Begin PBXFileReference section */
		E6ADCC761A63E50000F1196A /* StarWars.app */ = {isa = PBXFileReference; explicitFileType = wrapper.application; includeInIndex = 0; path = StarWars.app; sourceTree = BUILT_PRODUCTS_DIR; };
		E6ADCC7A1A63E50000F1196A /* Info.plist */ = {isa = PBXFileReference; lastKnownFileType = text.plist.xml; path = Info.plist; sourceTree = "<group>"; };
		E6ADCC7B1A63E50000F1196A /* main.m */ = {isa = PBXFileReference; lastKnownFileType = sourcecode.c.objc; path = main.m; sourceTree = "<group>"; };
		E6ADCC7D1A63E50000F1196A /* AppDelegate.h */ = {isa = PBXFileReference; lastKnownFileType = sourcecode.c.h; path = AppDelegate.h; sourceTree = "<group>"; };
		E6ADCC7E1A63E50000F1196A /* AppDelegate.m */ = {isa = PBXFileReference; lastKnownFileType = sourcecode.c.objc; path = AppDelegate.m; sourceTree = "<group>"; };
		E6ADCC801A63E50000F1196A /* Images.xcassets */ = {isa = PBXFileReference; lastKnownFileType = folder.assetcatalog; path = Images.xcassets; sourceTree = "<group>"; };
		E6ADCC831A63E50000F1196A /* Base */ = {isa = PBXFileReference; lastKnownFileType = file.xib; name = Base; path = Base.lproj/LaunchScreen.xib; sourceTree = "<group>"; };
		E6ADCC891A63E50000F1196A /* StarWarsTests.xctest */ = {isa = PBXFileReference; explicitFileType = wrapper.cfbundle; includeInIndex = 0; path = StarWarsTests.xctest; sourceTree = BUILT_PRODUCTS_DIR; };
		E6ADCC8E1A63E50000F1196A /* Info.plist */ = {isa = PBXFileReference; lastKnownFileType = text.plist.xml; path = Info.plist; sourceTree = "<group>"; };
		E6ADCC8F1A63E50000F1196A /* StarWarsTests.m */ = {isa = PBXFileReference; lastKnownFileType = sourcecode.c.objc; path = StarWarsTests.m; sourceTree = "<group>"; };
		E6ADCC991A63F08300F1196A /* RCRStarWarsCharacter.h */ = {isa = PBXFileReference; fileEncoding = 4; lastKnownFileType = sourcecode.c.h; path = RCRStarWarsCharacter.h; sourceTree = "<group>"; };
		E6ADCC9A1A63F08300F1196A /* RCRStarWarsCharacter.m */ = {isa = PBXFileReference; fileEncoding = 4; lastKnownFileType = sourcecode.c.objc; path = RCRStarWarsCharacter.m; sourceTree = "<group>"; };
		E6ADCC9D1A63F70100F1196A /* RCRCharacterViewController.h */ = {isa = PBXFileReference; fileEncoding = 4; lastKnownFileType = sourcecode.c.h; path = RCRCharacterViewController.h; sourceTree = "<group>"; };
		E6ADCC9E1A63F70100F1196A /* RCRCharacterViewController.m */ = {isa = PBXFileReference; fileEncoding = 4; lastKnownFileType = sourcecode.c.objc; path = RCRCharacterViewController.m; sourceTree = "<group>"; };
		E6ADCC9F1A63F70100F1196A /* RCRCharacterViewController.xib */ = {isa = PBXFileReference; fileEncoding = 4; lastKnownFileType = file.xib; path = RCRCharacterViewController.xib; sourceTree = "<group>"; };
		E6ADCCA41A64044A00F1196A /* c3po.jpg */ = {isa = PBXFileReference; lastKnownFileType = image.jpeg; path = c3po.jpg; sourceTree = "<group>"; };
		E6ADCCA51A64044A00F1196A /* c3po.caf */ = {isa = PBXFileReference; lastKnownFileType = file; path = c3po.caf; sourceTree = "<group>"; };
		E6ADCCA61A64044A00F1196A /* chewbacca.caf */ = {isa = PBXFileReference; lastKnownFileType = file; path = chewbacca.caf; sourceTree = "<group>"; };
		E6ADCCA71A64044A00F1196A /* chewbacca.jpg */ = {isa = PBXFileReference; lastKnownFileType = image.jpeg; path = chewbacca.jpg; sourceTree = "<group>"; };
		E6ADCCA81A64044A00F1196A /* darthVader.jpg */ = {isa = PBXFileReference; lastKnownFileType = image.jpeg; path = darthVader.jpg; sourceTree = "<group>"; };
		E6ADCCA91A64044A00F1196A /* palpatine.caf */ = {isa = PBXFileReference; lastKnownFileType = file; path = palpatine.caf; sourceTree = "<group>"; };
		E6ADCCAA1A64044A00F1196A /* palpatine.jpg */ = {isa = PBXFileReference; lastKnownFileType = image.jpeg; path = palpatine.jpg; sourceTree = "<group>"; };
		E6ADCCAB1A64044A00F1196A /* r2-d2.caf */ = {isa = PBXFileReference; lastKnownFileType = file; path = "r2-d2.caf"; sourceTree = "<group>"; };
		E6ADCCAC1A64044A00F1196A /* R2-D2.jpg */ = {isa = PBXFileReference; lastKnownFileType = image.jpeg; path = "R2-D2.jpg"; sourceTree = "<group>"; };
		E6ADCCAD1A64044A00F1196A /* tarkin.caf */ = {isa = PBXFileReference; lastKnownFileType = file; path = tarkin.caf; sourceTree = "<group>"; };
		E6ADCCAE1A64044A00F1196A /* tarkin.jpg */ = {isa = PBXFileReference; lastKnownFileType = image.jpeg; path = tarkin.jpg; sourceTree = "<group>"; };
		E6ADCCAF1A64044A00F1196A /* vader.caf */ = {isa = PBXFileReference; lastKnownFileType = file; path = vader.caf; sourceTree = "<group>"; };
		E6ADCCB01A64044A00F1196A /* yoda.caf */ = {isa = PBXFileReference; lastKnownFileType = file; path = yoda.caf; sourceTree = "<group>"; };
		E6ADCCB11A64044A00F1196A /* yoda.jpg */ = {isa = PBXFileReference; lastKnownFileType = image.jpeg; path = yoda.jpg; sourceTree = "<group>"; };
		E6D96B911A651AA60039461B /* CafPlayer.h */ = {isa = PBXFileReference; fileEncoding = 4; lastKnownFileType = sourcecode.c.h; path = CafPlayer.h; sourceTree = "<group>"; };
		E6D96B921A651AA60039461B /* CafPlayer.m */ = {isa = PBXFileReference; fileEncoding = 4; lastKnownFileType = sourcecode.c.objc; path = CafPlayer.m; sourceTree = "<group>"; };
/* End PBXFileReference section */

/* Begin PBXFrameworksBuildPhase section */
		E6ADCC731A63E50000F1196A /* Frameworks */ = {
			isa = PBXFrameworksBuildPhase;
			buildActionMask = 2147483647;
			files = (
			);
			runOnlyForDeploymentPostprocessing = 0;
		};
		E6ADCC861A63E50000F1196A /* Frameworks */ = {
			isa = PBXFrameworksBuildPhase;
			buildActionMask = 2147483647;
			files = (
			);
			runOnlyForDeploymentPostprocessing = 0;
		};
/* End PBXFrameworksBuildPhase section */

/* Begin PBXGroup section */
		E6ADCC6D1A63E50000F1196A = {
			isa = PBXGroup;
			children = (
				E6ADCC781A63E50000F1196A /* StarWars */,
				E6ADCC8C1A63E50000F1196A /* StarWarsTests */,
				E6ADCC771A63E50000F1196A /* Products */,
			);
			sourceTree = "<group>";
		};
		E6ADCC771A63E50000F1196A /* Products */ = {
			isa = PBXGroup;
			children = (
				E6ADCC761A63E50000F1196A /* StarWars.app */,
				E6ADCC891A63E50000F1196A /* StarWarsTests.xctest */,
			);
			name = Products;
			sourceTree = "<group>";
		};
		E6ADCC781A63E50000F1196A /* StarWars */ = {
			isa = PBXGroup;
			children = (
				E6ADCCA21A63F70900F1196A /* Controllers */,
				E6ADCC7D1A63E50000F1196A /* AppDelegate.h */,
				E6ADCC7E1A63E50000F1196A /* AppDelegate.m */,
				E6ADCC9C1A63F08800F1196A /* Models */,
				E6ADCC801A63E50000F1196A /* Images.xcassets */,
				E6ADCC821A63E50000F1196A /* LaunchScreen.xib */,
				E6ADCCA31A6403E200F1196A /* Resources */,
				E6ADCCC01A64046700F1196A /* Sound */,
				E6ADCC791A63E50000F1196A /* Supporting Files */,
			);
			path = StarWars;
			sourceTree = "<group>";
		};
		E6ADCC791A63E50000F1196A /* Supporting Files */ = {
			isa = PBXGroup;
			children = (
				E6ADCC7A1A63E50000F1196A /* Info.plist */,
				E6ADCC7B1A63E50000F1196A /* main.m */,
			);
			name = "Supporting Files";
			sourceTree = "<group>";
		};
		E6ADCC8C1A63E50000F1196A /* StarWarsTests */ = {
			isa = PBXGroup;
			children = (
				E6ADCC8F1A63E50000F1196A /* StarWarsTests.m */,
				E6ADCC8D1A63E50000F1196A /* Supporting Files */,
			);
			path = StarWarsTests;
			sourceTree = "<group>";
		};
		E6ADCC8D1A63E50000F1196A /* Supporting Files */ = {
			isa = PBXGroup;
			children = (
				E6ADCC8E1A63E50000F1196A /* Info.plist */,
			);
			name = "Supporting Files";
			sourceTree = "<group>";
		};
		E6ADCC9C1A63F08800F1196A /* Models */ = {
			isa = PBXGroup;
			children = (
				E6ADCC9A1A63F08300F1196A /* RCRStarWarsCharacter.m */,
				E6ADCC991A63F08300F1196A /* RCRStarWarsCharacter.h */,
			);
			name = Models;
			sourceTree = "<group>";
		};
		E6ADCCA21A63F70900F1196A /* Controllers */ = {
			isa = PBXGroup;
			children = (
				E6ADCC9D1A63F70100F1196A /* RCRCharacterViewController.h */,
				E6ADCC9E1A63F70100F1196A /* RCRCharacterViewController.m */,
				E6ADCC9F1A63F70100F1196A /* RCRCharacterViewController.xib */,
			);
			name = Controllers;
			sourceTree = "<group>";
		};
		E6ADCCA31A6403E200F1196A /* Resources */ = {
			isa = PBXGroup;
			children = (
				E6ADCCA41A64044A00F1196A /* c3po.jpg */,
				E6ADCCA51A64044A00F1196A /* c3po.caf */,
				E6ADCCA61A64044A00F1196A /* chewbacca.caf */,
				E6ADCCA71A64044A00F1196A /* chewbacca.jpg */,
				E6ADCCA81A64044A00F1196A /* darthVader.jpg */,
				E6ADCCA91A64044A00F1196A /* palpatine.caf */,
				E6ADCCAA1A64044A00F1196A /* palpatine.jpg */,
				E6ADCCAB1A64044A00F1196A /* r2-d2.caf */,
				E6ADCCAC1A64044A00F1196A /* R2-D2.jpg */,
				E6ADCCAD1A64044A00F1196A /* tarkin.caf */,
				E6ADCCAE1A64044A00F1196A /* tarkin.jpg */,
				E6ADCCAF1A64044A00F1196A /* vader.caf */,
				E6ADCCB01A64044A00F1196A /* yoda.caf */,
				E6ADCCB11A64044A00F1196A /* yoda.jpg */,
			);
			name = Resources;
			sourceTree = "<group>";
		};
		E6ADCCC01A64046700F1196A /* Sound */ = {
			isa = PBXGroup;
			children = (
				E6D96B911A651AA60039461B /* CafPlayer.h */,
				E6D96B921A651AA60039461B /* CafPlayer.m */,
			);
			name = Sound;
			sourceTree = "<group>";
		};
/* End PBXGroup section */

/* Begin PBXNativeTarget section */
		E6ADCC751A63E50000F1196A /* StarWars */ = {
			isa = PBXNativeTarget;
			buildConfigurationList = E6ADCC931A63E50000F1196A /* Build configuration list for PBXNativeTarget "StarWars" */;
			buildPhases = (
				E6ADCC721A63E50000F1196A /* Sources */,
				E6ADCC731A63E50000F1196A /* Frameworks */,
				E6ADCC741A63E50000F1196A /* Resources */,
			);
			buildRules = (
			);
			dependencies = (
			);
			name = StarWars;
			productName = StarWars;
			productReference = E6ADCC761A63E50000F1196A /* StarWars.app */;
			productType = "com.apple.product-type.application";
		};
		E6ADCC881A63E50000F1196A /* StarWarsTests */ = {
			isa = PBXNativeTarget;
			buildConfigurationList = E6ADCC961A63E50000F1196A /* Build configuration list for PBXNativeTarget "StarWarsTests" */;
			buildPhases = (
				E6ADCC851A63E50000F1196A /* Sources */,
				E6ADCC861A63E50000F1196A /* Frameworks */,
				E6ADCC871A63E50000F1196A /* Resources */,
			);
			buildRules = (
			);
			dependencies = (
				E6ADCC8B1A63E50000F1196A /* PBXTargetDependency */,
			);
			name = StarWarsTests;
			productName = StarWarsTests;
			productReference = E6ADCC891A63E50000F1196A /* StarWarsTests.xctest */;
			productType = "com.apple.product-type.bundle.unit-test";
		};
/* End PBXNativeTarget section */

/* Begin PBXProject section */
		E6ADCC6E1A63E50000F1196A /* Project object */ = {
			isa = PBXProject;
			attributes = {
				LastUpgradeCheck = 0610;
				ORGANIZATIONNAME = "Ramón Carnero Rojo";
				TargetAttributes = {
					E6ADCC751A63E50000F1196A = {
						CreatedOnToolsVersion = 6.1.1;
					};
					E6ADCC881A63E50000F1196A = {
						CreatedOnToolsVersion = 6.1.1;
						TestTargetID = E6ADCC751A63E50000F1196A;
					};
				};
			};
			buildConfigurationList = E6ADCC711A63E50000F1196A /* Build configuration list for PBXProject "StarWars" */;
			compatibilityVersion = "Xcode 3.2";
			developmentRegion = English;
			hasScannedForEncodings = 0;
			knownRegions = (
				en,
				Base,
			);
			mainGroup = E6ADCC6D1A63E50000F1196A;
			productRefGroup = E6ADCC771A63E50000F1196A /* Products */;
			projectDirPath = "";
			projectRoot = "";
			targets = (
				E6ADCC751A63E50000F1196A /* StarWars */,
				E6ADCC881A63E50000F1196A /* StarWarsTests */,
			);
		};
/* End PBXProject section */

/* Begin PBXResourcesBuildPhase section */
		E6ADCC741A63E50000F1196A /* Resources */ = {
			isa = PBXResourcesBuildPhase;
			buildActionMask = 2147483647;
			files = (
				E6ADCCBC1A64044A00F1196A /* tarkin.jpg in Resources */,
				E6ADCCB21A64044A00F1196A /* c3po.jpg in Resources */,
				E6ADCC841A63E50000F1196A /* LaunchScreen.xib in Resources */,
				E6ADCCBF1A64044A00F1196A /* yoda.jpg in Resources */,
				E6ADCCB61A64044A00F1196A /* darthVader.jpg in Resources */,
				E6ADCCBA1A64044A00F1196A /* R2-D2.jpg in Resources */,
				E6ADCCB41A64044A00F1196A /* chewbacca.caf in Resources */,
				E6ADCC811A63E50000F1196A /* Images.xcassets in Resources */,
				E6ADCCBB1A64044A00F1196A /* tarkin.caf in Resources */,
				E6ADCCB71A64044A00F1196A /* palpatine.caf in Resources */,
				E6ADCCB81A64044A00F1196A /* palpatine.jpg in Resources */,
				E6ADCCBD1A64044A00F1196A /* vader.caf in Resources */,
				E6ADCCB31A64044A00F1196A /* c3po.caf in Resources */,
				E6ADCCB91A64044A00F1196A /* r2-d2.caf in Resources */,
				E6ADCCBE1A64044A00F1196A /* yoda.caf in Resources */,
				E6ADCCA11A63F70100F1196A /* RCRCharacterViewController.xib in Resources */,
				E6ADCCB51A64044A00F1196A /* chewbacca.jpg in Resources */,
			);
			runOnlyForDeploymentPostprocessing = 0;
		};
		E6ADCC871A63E50000F1196A /* Resources */ = {
			isa = PBXResourcesBuildPhase;
			buildActionMask = 2147483647;
			files = (
			);
			runOnlyForDeploymentPostprocessing = 0;
		};
/* End PBXResourcesBuildPhase section */

/* Begin PBXSourcesBuildPhase section */
		E6ADCC721A63E50000F1196A /* Sources */ = {
			isa = PBXSourcesBuildPhase;
			buildActionMask = 2147483647;
			files = (
				E6ADCC7F1A63E50000F1196A /* AppDelegate.m in Sources */,
				E6ADCC9B1A63F08300F1196A /* RCRStarWarsCharacter.m in Sources */,
				E6D96B931A651AA60039461B /* CafPlayer.m in Sources */,
				E6ADCCA01A63F70100F1196A /* RCRCharacterViewController.m in Sources */,
				E6ADCC7C1A63E50000F1196A /* main.m in Sources */,
			);
			runOnlyForDeploymentPostprocessing = 0;
		};
		E6ADCC851A63E50000F1196A /* Sources */ = {
			isa = PBXSourcesBuildPhase;
			buildActionMask = 2147483647;
			files = (
				E6ADCC901A63E50000F1196A /* StarWarsTests.m in Sources */,
			);
			runOnlyForDeploymentPostprocessing = 0;
		};
/* End PBXSourcesBuildPhase section */

/* Begin PBXTargetDependency section */
		E6ADCC8B1A63E50000F1196A /* PBXTargetDependency */ = {
			isa = PBXTargetDependency;
			target = E6ADCC751A63E50000F1196A /* StarWars */;
			targetProxy = E6ADCC8A1A63E50000F1196A /* PBXContainerItemProxy */;
		};
/* End PBXTargetDependency section */

/* Begin PBXVariantGroup section */
		E6ADCC821A63E50000F1196A /* LaunchScreen.xib */ = {
			isa = PBXVariantGroup;
			children = (
				E6ADCC831A63E50000F1196A /* Base */,
			);
			name = LaunchScreen.xib;
			sourceTree = "<group>";
		};
/* End PBXVariantGroup section */

/* Begin XCBuildConfiguration section */
		E6ADCC911A63E50000F1196A /* Debug */ = {
			isa = XCBuildConfiguration;
			buildSettings = {
				ALWAYS_SEARCH_USER_PATHS = NO;
				CLANG_CXX_LANGUAGE_STANDARD = "gnu++0x";
				CLANG_CXX_LIBRARY = "libc++";
				CLANG_ENABLE_MODULES = YES;
				CLANG_ENABLE_OBJC_ARC = YES;
				CLANG_WARN_BOOL_CONVERSION = YES;
				CLANG_WARN_CONSTANT_CONVERSION = YES;
				CLANG_WARN_DIRECT_OBJC_ISA_USAGE = YES_ERROR;
				CLANG_WARN_EMPTY_BODY = YES;
				CLANG_WARN_ENUM_CONVERSION = YES;
				CLANG_WARN_INT_CONVERSION = YES;
				CLANG_WARN_OBJC_ROOT_CLASS = YES_ERROR;
				CLANG_WARN_UNREACHABLE_CODE = YES;
				CLANG_WARN__DUPLICATE_METHOD_MATCH = YES;
				"CODE_SIGN_IDENTITY[sdk=iphoneos*]" = "iPhone Developer";
				COPY_PHASE_STRIP = NO;
				ENABLE_STRICT_OBJC_MSGSEND = YES;
				GCC_C_LANGUAGE_STANDARD = gnu99;
				GCC_DYNAMIC_NO_PIC = NO;
				GCC_OPTIMIZATION_LEVEL = 0;
				GCC_PREPROCESSOR_DEFINITIONS = (
					"DEBUG=1",
					"$(inherited)",
				);
				GCC_SYMBOLS_PRIVATE_EXTERN = NO;
				GCC_WARN_64_TO_32_BIT_CONVERSION = YES;
				GCC_WARN_ABOUT_RETURN_TYPE = YES_ERROR;
				GCC_WARN_UNDECLARED_SELECTOR = YES;
				GCC_WARN_UNINITIALIZED_AUTOS = YES_AGGRESSIVE;
				GCC_WARN_UNUSED_FUNCTION = YES;
				GCC_WARN_UNUSED_VARIABLE = YES;
				IPHONEOS_DEPLOYMENT_TARGET = 8.1;
				MTL_ENABLE_DEBUG_INFO = YES;
				ONLY_ACTIVE_ARCH = YES;
				SDKROOT = iphoneos;
				TARGETED_DEVICE_FAMILY = 2;
			};
			name = Debug;
		};
		E6ADCC921A63E50000F1196A /* Release */ = {
			isa = XCBuildConfiguration;
			buildSettings = {
				ALWAYS_SEARCH_USER_PATHS = NO;
				CLANG_CXX_LANGUAGE_STANDARD = "gnu++0x";
				CLANG_CXX_LIBRARY = "libc++";
				CLANG_ENABLE_MODULES = YES;
				CLANG_ENABLE_OBJC_ARC = YES;
				CLANG_WARN_BOOL_CONVERSION = YES;
				CLANG_WARN_CONSTANT_CONVERSION = YES;
				CLANG_WARN_DIRECT_OBJC_ISA_USAGE = YES_ERROR;
				CLANG_WARN_EMPTY_BODY = YES;
				CLANG_WARN_ENUM_CONVERSION = YES;
				CLANG_WARN_INT_CONVERSION = YES;
				CLANG_WARN_OBJC_ROOT_CLASS = YES_ERROR;
				CLANG_WARN_UNREACHABLE_CODE = YES;
				CLANG_WARN__DUPLICATE_METHOD_MATCH = YES;
				"CODE_SIGN_IDENTITY[sdk=iphoneos*]" = "iPhone Developer";
				COPY_PHASE_STRIP = YES;
				ENABLE_NS_ASSERTIONS = NO;
				ENABLE_STRICT_OBJC_MSGSEND = YES;
				GCC_C_LANGUAGE_STANDARD = gnu99;
				GCC_WARN_64_TO_32_BIT_CONVERSION = YES;
				GCC_WARN_ABOUT_RETURN_TYPE = YES_ERROR;
				GCC_WARN_UNDECLARED_SELECTOR = YES;
				GCC_WARN_UNINITIALIZED_AUTOS = YES_AGGRESSIVE;
				GCC_WARN_UNUSED_FUNCTION = YES;
				GCC_WARN_UNUSED_VARIABLE = YES;
				IPHONEOS_DEPLOYMENT_TARGET = 8.1;
				MTL_ENABLE_DEBUG_INFO = NO;
				SDKROOT = iphoneos;
				TARGETED_DEVICE_FAMILY = 2;
				VALIDATE_PRODUCT = YES;
			};
			name = Release;
		};
		E6ADCC941A63E50000F1196A /* Debug */ = {
			isa = XCBuildConfiguration;
			buildSettings = {
				ASSETCATALOG_COMPILER_APPICON_NAME = AppIcon;
				INFOPLIST_FILE = StarWars/Info.plist;
				LD_RUNPATH_SEARCH_PATHS = "$(inherited) @executable_path/Frameworks";
				PRODUCT_NAME = "$(TARGET_NAME)";
			};
			name = Debug;
		};
		E6ADCC951A63E50000F1196A /* Release */ = {
			isa = XCBuildConfiguration;
			buildSettings = {
				ASSETCATALOG_COMPILER_APPICON_NAME = AppIcon;
				INFOPLIST_FILE = StarWars/Info.plist;
				LD_RUNPATH_SEARCH_PATHS = "$(inherited) @executable_path/Frameworks";
				PRODUCT_NAME = "$(TARGET_NAME)";
			};
			name = Release;
		};
		E6ADCC971A63E50000F1196A /* Debug */ = {
			isa = XCBuildConfiguration;
			buildSettings = {
				BUNDLE_LOADER = "$(TEST_HOST)";
				FRAMEWORK_SEARCH_PATHS = (
					"$(SDKROOT)/Developer/Library/Frameworks",
					"$(inherited)",
				);
				GCC_PREPROCESSOR_DEFINITIONS = (
					"DEBUG=1",
					"$(inherited)",
				);
				INFOPLIST_FILE = StarWarsTests/Info.plist;
				LD_RUNPATH_SEARCH_PATHS = "$(inherited) @executable_path/Frameworks @loader_path/Frameworks";
				PRODUCT_NAME = "$(TARGET_NAME)";
				TEST_HOST = "$(BUILT_PRODUCTS_DIR)/StarWars.app/StarWars";
			};
			name = Debug;
		};
		E6ADCC981A63E50000F1196A /* Release */ = {
			isa = XCBuildConfiguration;
			buildSettings = {
				BUNDLE_LOADER = "$(TEST_HOST)";
				FRAMEWORK_SEARCH_PATHS = (
					"$(SDKROOT)/Developer/Library/Frameworks",
					"$(inherited)",
				);
				INFOPLIST_FILE = StarWarsTests/Info.plist;
				LD_RUNPATH_SEARCH_PATHS = "$(inherited) @executable_path/Frameworks @loader_path/Frameworks";
				PRODUCT_NAME = "$(TARGET_NAME)";
				TEST_HOST = "$(BUILT_PRODUCTS_DIR)/StarWars.app/StarWars";
			};
			name = Release;
		};
/* End XCBuildConfiguration section */

/* Begin XCConfigurationList section */
		E6ADCC711A63E50000F1196A /* Build configuration list for PBXProject "StarWars" */ = {
			isa = XCConfigurationList;
			buildConfigurations = (
				E6ADCC911A63E50000F1196A /* Debug */,
				E6ADCC921A63E50000F1196A /* Release */,
			);
			defaultConfigurationIsVisible = 0;
			defaultConfigurationName = Release;
		};
		E6ADCC931A63E50000F1196A /* Build configuration list for PBXNativeTarget "StarWars" */ = {
			isa = XCConfigurationList;
			buildConfigurations = (
				E6ADCC941A63E50000F1196A /* Debug */,
				E6ADCC951A63E50000F1196A /* Release */,
			);
			defaultConfigurationIsVisible = 0;
			defaultConfigurationName = Release;
		};
		E6ADCC961A63E50000F1196A /* Build configuration list for PBXNativeTarget "StarWarsTests" */ = {
			isa = XCConfigurationList;
			buildConfigurations = (
				E6ADCC971A63E50000F1196A /* Debug */,
				E6ADCC981A63E50000F1196A /* Release */,
			);
			defaultConfigurationIsVisible = 0;
			defaultConfigurationName = Release;
		};
/* End XCConfigurationList section */
	};
	rootObject = E6ADCC6E1A63E50000F1196A /* Project object */;
}
